{
  "name": "boilerplate",
  "version": "1.0.0",
  "lockfileVersion": 1,
  "requires": true,
  "dependencies": {
    "smoothscroll-polyfill": {
      "version": "0.4.0",
      "resolved": "https://registry.npmjs.org/smoothscroll-polyfill/-/smoothscroll-polyfill-0.4.0.tgz",
      "integrity": "sha1-3Nqf5un11mC4hreb4EPUDGj+V9I="
    }
  }
}
